
Microsoft Visual Studio Solution File, Format Version 12.00
# Visual Studio Version 17
VisualStudioVersion = 17.13.35825.156 d17.13
MinimumVisualStudioVersion = 10.0.40219.1
Project("{FAE04EC0-301F-11D3-BF4B-00C04F79EFBC}") = "Watch.website", "Watch.website\Watch.website.csproj", "{F68B3BD5-9405-4D80-9CCC-CA8215080878}"
EndProject
Global
	GlobalSection(SolutionConfigurationPlatforms) = preSolution
		Debug|Any CPU = Debug|Any CPU
		Release|Any CPU = Release|Any CPU
	EndGlobalSection
	GlobalSection(ProjectConfigurationPlatforms) = postSolution
		{F68B3BD5-9405-4D80-9CCC-CA8215080878}.Debug|Any CPU.ActiveCfg = Debug|Any CPU
		{F68B3BD5-9405-4D80-9CCC-CA8215080878}.Debug|Any CPU.Build.0 = Debug|Any CPU
		{F68B3BD5-9405-4D80-9CCC-CA8215080878}.Release|Any CPU.ActiveCfg = Release|Any CPU
		{F68B3BD5-9405-4D80-9CCC-CA8215080878}.Release|Any CPU.Build.0 = Release|Any CPU
	EndGlobalSection
	GlobalSection(SolutionProperties) = preSolution
		HideSolutionNode = FALSE
	EndGlobalSection
	GlobalSection(ExtensibilityGlobals) = postSolution
		SolutionGuid = {8339ABD7-F9A0-4041-A049-CABCF1439ED8}
	EndGlobalSection
EndGlobal
